{
    "version": 3,
    "terraform_version": "0.11.10",
    "serial": 2,
    "lineage": "20cc6eee-3e7a-7326-06cb-7b919dc6d775",
    "modules": [
        {
            "path": [
                "root"
            ],
            "outputs": {},
            "resources": {},
            "depends_on": []
        },
        {
            "path": [
                "root",
                "vpc"
            ],
            "outputs": {
                "database_subnet_group_id": {
                    "sensitive": false,
                    "type": "list",
                    "value": [
                        "dev"
                    ]
                },
                "database_subnets_ids": {
                    "sensitive": false,
                    "type": "list",
                    "value": [
                        "subnet-08ae3063a161bc961",
                        "subnet-0fb15b6115ed8ac02"
                    ]
                },
                "default_network_acl_id": {
                    "sensitive": false,
                    "type": "string",
                    "value": "acl-0f32854da761b486c"
                },
                "default_security_group_id": {
                    "sensitive": false,
                    "type": "string",
                    "value": "sg-0b83edae192bc49ae"
                },
                "igw_id": {
                    "sensitive": false,
                    "type": "string",
                    "value": "igw-0e12c38cf30949249"
                },
                "nat_ids": {
                    "sensitive": false,
                    "type": "list",
                    "value": [
                        "eipalloc-0b3dfe0ce61e6c413",
                        "eipalloc-08640e291a2ec6cdd"
                    ]
                },
                "nat_public_ips": {
                    "sensitive": false,
                    "type": "list",
                    "value": [
                        "52.194.44.51",
                        "52.69.177.95"
                    ]
                },
                "natgw_ids": {
                    "sensitive": false,
                    "type": "list",
                    "value": [
                        "nat-0faa4dffdf65346a4",
                        "nat-0cd4fc966d66317ed"
                    ]
                },
                "private_route_table_ids": {
                    "sensitive": false,
                    "type": "list",
                    "value": [
                        "rtb-0cafa321daa2e1fa8",
                        "rtb-089656f8b053ff90d"
                    ]
                },
                "private_subnets_ids": {
                    "sensitive": false,
                    "type": "list",
                    "value": [
                        "subnet-0acc405353dfe01f1",
                        "subnet-00ef4c959d1827766"
                    ]
                },
                "public_route_table_ids": {
                    "sensitive": false,
                    "type": "list",
                    "value": [
                        "rtb-0554847a1a7d8d49e"
                    ]
                },
                "public_subnets_ids": {
                    "sensitive": false,
                    "type": "list",
                    "value": [
                        "subnet-0bff01e3ce73df220",
                        "subnet-09ac8ab2d863d4638"
                    ]
                },
                "vpc_cidr_block": {
                    "sensitive": false,
                    "type": "string",
                    "value": "172.17.0.0/16"
                },
                "vpc_id": {
                    "sensitive": false,
                    "type": "string",
                    "value": "vpc-0eb5c9e8d137c05e5"
                }
            },
            "resources": {
                "aws_db_subnet_group.database": {
                    "type": "aws_db_subnet_group",
                    "depends_on": [
                        "aws_subnet.database.*"
                    ],
                    "primary": {
                        "id": "dev",
                        "attributes": {
                            "arn": "arn:aws:rds:ap-northeast-1:946720993690:subgrp:dev",
                            "description": "Database subnet group for dev",
                            "id": "dev",
                            "name": "dev",
                            "subnet_ids.#": "2",
                            "subnet_ids.3160315736": "subnet-08ae3063a161bc961",
                            "subnet_ids.3250268994": "subnet-0fb15b6115ed8ac02",
                            "tags.%": "2",
                            "tags.Name": "dev",
                            "tags.TerraformManaged": "true"
                        },
                        "meta": {},
                        "tainted": false
                    },
                    "deposed": [],
                    "provider": "provider.aws"
                },
                "aws_default_network_acl.dev_default": {
                    "type": "aws_default_network_acl",
                    "depends_on": [
                        "aws_subnet.database.*",
                        "aws_subnet.private.*",
                        "aws_subnet.public.*",
                        "aws_vpc.this"
                    ],
                    "primary": {
                        "id": "acl-0f32854da761b486c",
                        "attributes": {
                            "default_network_acl_id": "acl-0f32854da761b486c",
                            "egress.#": "1",
                            "egress.1401401844.action": "allow",
                            "egress.1401401844.cidr_block": "0.0.0.0/0",
                            "egress.1401401844.from_port": "0",
                            "egress.1401401844.icmp_code": "0",
                            "egress.1401401844.icmp_type": "0",
                            "egress.1401401844.ipv6_cidr_block": "",
                            "egress.1401401844.protocol": "-1",
                            "egress.1401401844.rule_no": "100",
                            "egress.1401401844.to_port": "0",
                            "id": "acl-0f32854da761b486c",
                            "ingress.#": "1",
                            "ingress.1401401844.action": "allow",
                            "ingress.1401401844.cidr_block": "0.0.0.0/0",
                            "ingress.1401401844.from_port": "0",
                            "ingress.1401401844.icmp_code": "0",
                            "ingress.1401401844.icmp_type": "0",
                            "ingress.1401401844.ipv6_cidr_block": "",
                            "ingress.1401401844.protocol": "-1",
                            "ingress.1401401844.rule_no": "100",
                            "ingress.1401401844.to_port": "0",
                            "owner_id": "946720993690",
                            "subnet_ids.#": "6",
                            "subnet_ids.1127946031": "subnet-09ac8ab2d863d4638",
                            "subnet_ids.1329781911": "subnet-00ef4c959d1827766",
                            "subnet_ids.180579578": "subnet-0acc405353dfe01f1",
                            "subnet_ids.3160315736": "subnet-08ae3063a161bc961",
                            "subnet_ids.3250268994": "subnet-0fb15b6115ed8ac02",
                            "subnet_ids.325203121": "subnet-0bff01e3ce73df220",
                            "tags.%": "2",
                            "tags.Name": "dev-default",
                            "tags.TerraformManaged": "true",
                            "vpc_id": "vpc-0eb5c9e8d137c05e5"
                        },
                        "meta": {},
                        "tainted": false
                    },
                    "deposed": [],
                    "provider": "provider.aws"
                },
                "aws_default_security_group.dev_default": {
                    "type": "aws_default_security_group",
                    "depends_on": [
                        "aws_vpc.this"
                    ],
                    "primary": {
                        "id": "sg-0b83edae192bc49ae",
                        "attributes": {
                            "arn": "arn:aws:ec2:ap-northeast-1:946720993690:security-group/sg-0b83edae192bc49ae",
                            "egress.#": "1",
                            "egress.482069346.cidr_blocks.#": "1",
                            "egress.482069346.cidr_blocks.0": "0.0.0.0/0",
                            "egress.482069346.description": "",
                            "egress.482069346.from_port": "0",
                            "egress.482069346.ipv6_cidr_blocks.#": "0",
                            "egress.482069346.prefix_list_ids.#": "0",
                            "egress.482069346.protocol": "-1",
                            "egress.482069346.security_groups.#": "0",
                            "egress.482069346.self": "false",
                            "egress.482069346.to_port": "0",
                            "id": "sg-0b83edae192bc49ae",
                            "ingress.#": "1",
                            "ingress.753360330.cidr_blocks.#": "0",
                            "ingress.753360330.description": "",
                            "ingress.753360330.from_port": "0",
                            "ingress.753360330.ipv6_cidr_blocks.#": "0",
                            "ingress.753360330.prefix_list_ids.#": "0",
                            "ingress.753360330.protocol": "-1",
                            "ingress.753360330.security_groups.#": "0",
                            "ingress.753360330.self": "true",
                            "ingress.753360330.to_port": "0",
                            "name": "default",
                            "owner_id": "946720993690",
                            "revoke_rules_on_delete": "false",
                            "tags.%": "2",
                            "tags.Name": "dev-default",
                            "tags.TerraformManaged": "true",
                            "vpc_id": "vpc-0eb5c9e8d137c05e5"
                        },
                        "meta": {
                            "e2bfb730-ecaa-11e6-8f88-34363bc7c4c0": {
                                "create": 600000000000,
                                "delete": 600000000000
                            },
                            "schema_version": "1"
                        },
                        "tainted": false
                    },
                    "deposed": [],
                    "provider": "provider.aws"
                },
                "aws_eip.nat.0": {
                    "type": "aws_eip",
                    "depends_on": [],
                    "primary": {
                        "id": "eipalloc-0b3dfe0ce61e6c413",
                        "attributes": {
                            "association_id": "",
                            "domain": "vpc",
                            "id": "eipalloc-0b3dfe0ce61e6c413",
                            "instance": "",
                            "network_interface": "",
                            "private_ip": "",
                            "public_ip": "52.194.44.51",
                            "public_ipv4_pool": "amazon",
                            "tags.%": "0",
                            "vpc": "true"
                        },
                        "meta": {
                            "e2bfb730-ecaa-11e6-8f88-34363bc7c4c0": {
                                "delete": 180000000000,
                                "read": 900000000000,
                                "update": 300000000000
                            }
                        },
                        "tainted": false
                    },
                    "deposed": [],
                    "provider": "provider.aws"
                },
                "aws_eip.nat.1": {
                    "type": "aws_eip",
                    "depends_on": [],
                    "primary": {
                        "id": "eipalloc-08640e291a2ec6cdd",
                        "attributes": {
                            "association_id": "",
                            "domain": "vpc",
                            "id": "eipalloc-08640e291a2ec6cdd",
                            "instance": "",
                            "network_interface": "",
                            "private_ip": "",
                            "public_ip": "52.69.177.95",
                            "public_ipv4_pool": "amazon",
                            "tags.%": "0",
                            "vpc": "true"
                        },
                        "meta": {
                            "e2bfb730-ecaa-11e6-8f88-34363bc7c4c0": {
                                "delete": 180000000000,
                                "read": 900000000000,
                                "update": 300000000000
                            }
                        },
                        "tainted": false
                    },
                    "deposed": [],
                    "provider": "provider.aws"
                },
                "aws_internet_gateway.this": {
                    "type": "aws_internet_gateway",
                    "depends_on": [
                        "aws_vpc.this"
                    ],
                    "primary": {
                        "id": "igw-0e12c38cf30949249",
                        "attributes": {
                            "id": "igw-0e12c38cf30949249",
                            "owner_id": "946720993690",
                            "tags.%": "2",
                            "tags.Name": "dev",
                            "tags.TerraformManaged": "true",
                            "vpc_id": "vpc-0eb5c9e8d137c05e5"
                        },
                        "meta": {},
                        "tainted": false
                    },
                    "deposed": [],
                    "provider": "provider.aws"
                },
                "aws_nat_gateway.this.0": {
                    "type": "aws_nat_gateway",
                    "depends_on": [
                        "aws_eip.nat.*",
                        "aws_subnet.public.*"
                    ],
                    "primary": {
                        "id": "nat-0faa4dffdf65346a4",
                        "attributes": {
                            "allocation_id": "eipalloc-0b3dfe0ce61e6c413",
                            "id": "nat-0faa4dffdf65346a4",
                            "network_interface_id": "eni-0f989e217672eb184",
                            "private_ip": "172.17.1.196",
                            "public_ip": "52.194.44.51",
                            "subnet_id": "subnet-0bff01e3ce73df220",
                            "tags.%": "0"
                        },
                        "meta": {},
                        "tainted": false
                    },
                    "deposed": [],
                    "provider": "provider.aws"
                },
                "aws_nat_gateway.this.1": {
                    "type": "aws_nat_gateway",
                    "depends_on": [
                        "aws_eip.nat.*",
                        "aws_subnet.public.*"
                    ],
                    "primary": {
                        "id": "nat-0cd4fc966d66317ed",
                        "attributes": {
                            "allocation_id": "eipalloc-08640e291a2ec6cdd",
                            "id": "nat-0cd4fc966d66317ed",
                            "network_interface_id": "eni-04f2297d4f58e2777",
                            "private_ip": "172.17.2.137",
                            "public_ip": "52.69.177.95",
                            "subnet_id": "subnet-09ac8ab2d863d4638",
                            "tags.%": "0"
                        },
                        "meta": {},
                        "tainted": false
                    },
                    "deposed": [],
                    "provider": "provider.aws"
                },
                "aws_route_table.private.0": {
                    "type": "aws_route_table",
                    "depends_on": [
                        "aws_nat_gateway.this.*",
                        "aws_vpc.this"
                    ],
                    "primary": {
                        "id": "rtb-0cafa321daa2e1fa8",
                        "attributes": {
                            "id": "rtb-0cafa321daa2e1fa8",
                            "owner_id": "946720993690",
                            "propagating_vgws.#": "0",
                            "route.#": "1",
                            "route.1304535175.cidr_block": "0.0.0.0/0",
                            "route.1304535175.egress_only_gateway_id": "",
                            "route.1304535175.gateway_id": "",
                            "route.1304535175.instance_id": "",
                            "route.1304535175.ipv6_cidr_block": "",
                            "route.1304535175.nat_gateway_id": "nat-0faa4dffdf65346a4",
                            "route.1304535175.network_interface_id": "",
                            "route.1304535175.transit_gateway_id": "",
                            "route.1304535175.vpc_peering_connection_id": "",
                            "tags.%": "2",
                            "tags.Name": "dev-private-ap-northeast-1a",
                            "tags.TerraformManaged": "true",
                            "vpc_id": "vpc-0eb5c9e8d137c05e5"
                        },
                        "meta": {},
                        "tainted": false
                    },
                    "deposed": [],
                    "provider": "provider.aws"
                },
                "aws_route_table.private.1": {
                    "type": "aws_route_table",
                    "depends_on": [
                        "aws_nat_gateway.this.*",
                        "aws_vpc.this"
                    ],
                    "primary": {
                        "id": "rtb-089656f8b053ff90d",
                        "attributes": {
                            "id": "rtb-089656f8b053ff90d",
                            "owner_id": "946720993690",
                            "propagating_vgws.#": "0",
                            "route.#": "1",
                            "route.2501043999.cidr_block": "0.0.0.0/0",
                            "route.2501043999.egress_only_gateway_id": "",
                            "route.2501043999.gateway_id": "",
                            "route.2501043999.instance_id": "",
                            "route.2501043999.ipv6_cidr_block": "",
                            "route.2501043999.nat_gateway_id": "nat-0cd4fc966d66317ed",
                            "route.2501043999.network_interface_id": "",
                            "route.2501043999.transit_gateway_id": "",
                            "route.2501043999.vpc_peering_connection_id": "",
                            "tags.%": "2",
                            "tags.Name": "dev-private-ap-northeast-1c",
                            "tags.TerraformManaged": "true",
                            "vpc_id": "vpc-0eb5c9e8d137c05e5"
                        },
                        "meta": {},
                        "tainted": false
                    },
                    "deposed": [],
                    "provider": "provider.aws"
                },
                "aws_route_table.public": {
                    "type": "aws_route_table",
                    "depends_on": [
                        "aws_internet_gateway.this",
                        "aws_vpc.this"
                    ],
                    "primary": {
                        "id": "rtb-0554847a1a7d8d49e",
                        "attributes": {
                            "id": "rtb-0554847a1a7d8d49e",
                            "owner_id": "946720993690",
                            "propagating_vgws.#": "0",
                            "route.#": "1",
                            "route.2968807551.cidr_block": "0.0.0.0/0",
                            "route.2968807551.egress_only_gateway_id": "",
                            "route.2968807551.gateway_id": "igw-0e12c38cf30949249",
                            "route.2968807551.instance_id": "",
                            "route.2968807551.ipv6_cidr_block": "",
                            "route.2968807551.nat_gateway_id": "",
                            "route.2968807551.network_interface_id": "",
                            "route.2968807551.transit_gateway_id": "",
                            "route.2968807551.vpc_peering_connection_id": "",
                            "tags.%": "2",
                            "tags.Name": "dev-public",
                            "tags.TerraformManaged": "true",
                            "vpc_id": "vpc-0eb5c9e8d137c05e5"
                        },
                        "meta": {},
                        "tainted": false
                    },
                    "deposed": [],
                    "provider": "provider.aws"
                },
                "aws_route_table_association.database.0": {
                    "type": "aws_route_table_association",
                    "depends_on": [
                        "aws_route_table.private.*",
                        "aws_subnet.database.*"
                    ],
                    "primary": {
                        "id": "rtbassoc-0eec54ad6aea7d7d2",
                        "attributes": {
                            "id": "rtbassoc-0eec54ad6aea7d7d2",
                            "route_table_id": "rtb-0cafa321daa2e1fa8",
                            "subnet_id": "subnet-08ae3063a161bc961"
                        },
                        "meta": {},
                        "tainted": false
                    },
                    "deposed": [],
                    "provider": "provider.aws"
                },
                "aws_route_table_association.database.1": {
                    "type": "aws_route_table_association",
                    "depends_on": [
                        "aws_route_table.private.*",
                        "aws_subnet.database.*"
                    ],
                    "primary": {
                        "id": "rtbassoc-095535cd0e2764ab5",
                        "attributes": {
                            "id": "rtbassoc-095535cd0e2764ab5",
                            "route_table_id": "rtb-089656f8b053ff90d",
                            "subnet_id": "subnet-0fb15b6115ed8ac02"
                        },
                        "meta": {},
                        "tainted": false
                    },
                    "deposed": [],
                    "provider": "provider.aws"
                },
                "aws_route_table_association.private.0": {
                    "type": "aws_route_table_association",
                    "depends_on": [
                        "aws_route_table.private.*",
                        "aws_subnet.private.*"
                    ],
                    "primary": {
                        "id": "rtbassoc-0ba7f5d59f06a9c30",
                        "attributes": {
                            "id": "rtbassoc-0ba7f5d59f06a9c30",
                            "route_table_id": "rtb-0cafa321daa2e1fa8",
                            "subnet_id": "subnet-0acc405353dfe01f1"
                        },
                        "meta": {},
                        "tainted": false
                    },
                    "deposed": [],
                    "provider": "provider.aws"
                },
                "aws_route_table_association.private.1": {
                    "type": "aws_route_table_association",
                    "depends_on": [
                        "aws_route_table.private.*",
                        "aws_subnet.private.*"
                    ],
                    "primary": {
                        "id": "rtbassoc-0b3bc5b2180ad55e3",
                        "attributes": {
                            "id": "rtbassoc-0b3bc5b2180ad55e3",
                            "route_table_id": "rtb-089656f8b053ff90d",
                            "subnet_id": "subnet-00ef4c959d1827766"
                        },
                        "meta": {},
                        "tainted": false
                    },
                    "deposed": [],
                    "provider": "provider.aws"
                },
                "aws_route_table_association.public.0": {
                    "type": "aws_route_table_association",
                    "depends_on": [
                        "aws_route_table.public",
                        "aws_subnet.public.*"
                    ],
                    "primary": {
                        "id": "rtbassoc-00980739523799845",
                        "attributes": {
                            "id": "rtbassoc-00980739523799845",
                            "route_table_id": "rtb-0554847a1a7d8d49e",
                            "subnet_id": "subnet-0bff01e3ce73df220"
                        },
                        "meta": {},
                        "tainted": false
                    },
                    "deposed": [],
                    "provider": "provider.aws"
                },
                "aws_route_table_association.public.1": {
                    "type": "aws_route_table_association",
                    "depends_on": [
                        "aws_route_table.public",
                        "aws_subnet.public.*"
                    ],
                    "primary": {
                        "id": "rtbassoc-0e03d0b9da55986d2",
                        "attributes": {
                            "id": "rtbassoc-0e03d0b9da55986d2",
                            "route_table_id": "rtb-0554847a1a7d8d49e",
                            "subnet_id": "subnet-09ac8ab2d863d4638"
                        },
                        "meta": {},
                        "tainted": false
                    },
                    "deposed": [],
                    "provider": "provider.aws"
                },
                "aws_subnet.database.0": {
                    "type": "aws_subnet",
                    "depends_on": [
                        "aws_vpc.this"
                    ],
                    "primary": {
                        "id": "subnet-08ae3063a161bc961",
                        "attributes": {
                            "arn": "arn:aws:ec2:ap-northeast-1:946720993690:subnet/subnet-08ae3063a161bc961",
                            "assign_ipv6_address_on_creation": "false",
                            "availability_zone": "ap-northeast-1a",
                            "availability_zone_id": "apne1-az4",
                            "cidr_block": "172.17.201.0/24",
                            "id": "subnet-08ae3063a161bc961",
                            "ipv6_cidr_block": "",
                            "ipv6_cidr_block_association_id": "",
                            "map_public_ip_on_launch": "false",
                            "owner_id": "946720993690",
                            "tags.%": "2",
                            "tags.Name": "dev-db-ap-northeast-1a",
                            "tags.TerraformManaged": "true",
                            "vpc_id": "vpc-0eb5c9e8d137c05e5"
                        },
                        "meta": {
                            "e2bfb730-ecaa-11e6-8f88-34363bc7c4c0": {
                                "create": 600000000000,
                                "delete": 600000000000
                            },
                            "schema_version": "1"
                        },
                        "tainted": false
                    },
                    "deposed": [],
                    "provider": "provider.aws"
                },
                "aws_subnet.database.1": {
                    "type": "aws_subnet",
                    "depends_on": [
                        "aws_vpc.this"
                    ],
                    "primary": {
                        "id": "subnet-0fb15b6115ed8ac02",
                        "attributes": {
                            "arn": "arn:aws:ec2:ap-northeast-1:946720993690:subnet/subnet-0fb15b6115ed8ac02",
                            "assign_ipv6_address_on_creation": "false",
                            "availability_zone": "ap-northeast-1c",
                            "availability_zone_id": "apne1-az1",
                            "cidr_block": "172.17.202.0/24",
                            "id": "subnet-0fb15b6115ed8ac02",
                            "ipv6_cidr_block": "",
                            "ipv6_cidr_block_association_id": "",
                            "map_public_ip_on_launch": "false",
                            "owner_id": "946720993690",
                            "tags.%": "2",
                            "tags.Name": "dev-db-ap-northeast-1c",
                            "tags.TerraformManaged": "true",
                            "vpc_id": "vpc-0eb5c9e8d137c05e5"
                        },
                        "meta": {
                            "e2bfb730-ecaa-11e6-8f88-34363bc7c4c0": {
                                "create": 600000000000,
                                "delete": 600000000000
                            },
                            "schema_version": "1"
                        },
                        "tainted": false
                    },
                    "deposed": [],
                    "provider": "provider.aws"
                },
                "aws_subnet.private.0": {
                    "type": "aws_subnet",
                    "depends_on": [
                        "aws_vpc.this"
                    ],
                    "primary": {
                        "id": "subnet-0acc405353dfe01f1",
                        "attributes": {
                            "arn": "arn:aws:ec2:ap-northeast-1:946720993690:subnet/subnet-0acc405353dfe01f1",
                            "assign_ipv6_address_on_creation": "false",
                            "availability_zone": "ap-northeast-1a",
                            "availability_zone_id": "apne1-az4",
                            "cidr_block": "172.17.101.0/24",
                            "id": "subnet-0acc405353dfe01f1",
                            "ipv6_cidr_block": "",
                            "ipv6_cidr_block_association_id": "",
                            "map_public_ip_on_launch": "false",
                            "owner_id": "946720993690",
                            "tags.%": "2",
                            "tags.Name": "dev-private-ap-northeast-1a",
                            "tags.TerraformManaged": "true",
                            "vpc_id": "vpc-0eb5c9e8d137c05e5"
                        },
                        "meta": {
                            "e2bfb730-ecaa-11e6-8f88-34363bc7c4c0": {
                                "create": 600000000000,
                                "delete": 600000000000
                            },
                            "schema_version": "1"
                        },
                        "tainted": false
                    },
                    "deposed": [],
                    "provider": "provider.aws"
                },
                "aws_subnet.private.1": {
                    "type": "aws_subnet",
                    "depends_on": [
                        "aws_vpc.this"
                    ],
                    "primary": {
                        "id": "subnet-00ef4c959d1827766",
                        "attributes": {
                            "arn": "arn:aws:ec2:ap-northeast-1:946720993690:subnet/subnet-00ef4c959d1827766",
                            "assign_ipv6_address_on_creation": "false",
                            "availability_zone": "ap-northeast-1c",
                            "availability_zone_id": "apne1-az1",
                            "cidr_block": "172.17.102.0/24",
                            "id": "subnet-00ef4c959d1827766",
                            "ipv6_cidr_block": "",
                            "ipv6_cidr_block_association_id": "",
                            "map_public_ip_on_launch": "false",
                            "owner_id": "946720993690",
                            "tags.%": "2",
                            "tags.Name": "dev-private-ap-northeast-1c",
                            "tags.TerraformManaged": "true",
                            "vpc_id": "vpc-0eb5c9e8d137c05e5"
                        },
                        "meta": {
                            "e2bfb730-ecaa-11e6-8f88-34363bc7c4c0": {
                                "create": 600000000000,
                                "delete": 600000000000
                            },
                            "schema_version": "1"
                        },
                        "tainted": false
                    },
                    "deposed": [],
                    "provider": "provider.aws"
                },
                "aws_subnet.public.0": {
                    "type": "aws_subnet",
                    "depends_on": [
                        "aws_vpc.this"
                    ],
                    "primary": {
                        "id": "subnet-0bff01e3ce73df220",
                        "attributes": {
                            "arn": "arn:aws:ec2:ap-northeast-1:946720993690:subnet/subnet-0bff01e3ce73df220",
                            "assign_ipv6_address_on_creation": "false",
                            "availability_zone": "ap-northeast-1a",
                            "availability_zone_id": "apne1-az4",
                            "cidr_block": "172.17.1.0/24",
                            "id": "subnet-0bff01e3ce73df220",
                            "ipv6_cidr_block": "",
                            "ipv6_cidr_block_association_id": "",
                            "map_public_ip_on_launch": "false",
                            "owner_id": "946720993690",
                            "tags.%": "2",
                            "tags.Name": "dev-public-ap-northeast-1a",
                            "tags.TerraformManaged": "true",
                            "vpc_id": "vpc-0eb5c9e8d137c05e5"
                        },
                        "meta": {
                            "e2bfb730-ecaa-11e6-8f88-34363bc7c4c0": {
                                "create": 600000000000,
                                "delete": 600000000000
                            },
                            "schema_version": "1"
                        },
                        "tainted": false
                    },
                    "deposed": [],
                    "provider": "provider.aws"
                },
                "aws_subnet.public.1": {
                    "type": "aws_subnet",
                    "depends_on": [
                        "aws_vpc.this"
                    ],
                    "primary": {
                        "id": "subnet-09ac8ab2d863d4638",
                        "attributes": {
                            "arn": "arn:aws:ec2:ap-northeast-1:946720993690:subnet/subnet-09ac8ab2d863d4638",
                            "assign_ipv6_address_on_creation": "false",
                            "availability_zone": "ap-northeast-1c",
                            "availability_zone_id": "apne1-az1",
                            "cidr_block": "172.17.2.0/24",
                            "id": "subnet-09ac8ab2d863d4638",
                            "ipv6_cidr_block": "",
                            "ipv6_cidr_block_association_id": "",
                            "map_public_ip_on_launch": "false",
                            "owner_id": "946720993690",
                            "tags.%": "2",
                            "tags.Name": "dev-public-ap-northeast-1c",
                            "tags.TerraformManaged": "true",
                            "vpc_id": "vpc-0eb5c9e8d137c05e5"
                        },
                        "meta": {
                            "e2bfb730-ecaa-11e6-8f88-34363bc7c4c0": {
                                "create": 600000000000,
                                "delete": 600000000000
                            },
                            "schema_version": "1"
                        },
                        "tainted": false
                    },
                    "deposed": [],
                    "provider": "provider.aws"
                },
                "aws_vpc.this": {
                    "type": "aws_vpc",
                    "depends_on": [],
                    "primary": {
                        "id": "vpc-0eb5c9e8d137c05e5",
                        "attributes": {
                            "arn": "arn:aws:ec2:ap-northeast-1:946720993690:vpc/vpc-0eb5c9e8d137c05e5",
                            "assign_generated_ipv6_cidr_block": "false",
                            "cidr_block": "172.17.0.0/16",
                            "default_network_acl_id": "acl-0f32854da761b486c",
                            "default_route_table_id": "rtb-0b5e3ede1b94bcca0",
                            "default_security_group_id": "sg-0b83edae192bc49ae",
                            "dhcp_options_id": "dopt-2f256448",
                            "enable_classiclink": "false",
                            "enable_classiclink_dns_support": "false",
                            "enable_dns_hostnames": "true",
                            "enable_dns_support": "true",
                            "id": "vpc-0eb5c9e8d137c05e5",
                            "instance_tenancy": "default",
                            "ipv6_association_id": "",
                            "ipv6_cidr_block": "",
                            "main_route_table_id": "rtb-0b5e3ede1b94bcca0",
                            "owner_id": "946720993690",
                            "tags.%": "2",
                            "tags.Name": "dev",
                            "tags.TerraformManaged": "true"
                        },
                        "meta": {
                            "schema_version": "1"
                        },
                        "tainted": false
                    },
                    "deposed": [],
                    "provider": "provider.aws"
                }
            },
            "depends_on": []
        }
    ]
}
